
Microsoft Visual Studio Solution File, Format Version 12.00
# Visual Studio Version 17
VisualStudioVersion = 17.6.33829.357
MinimumVisualStudioVersion = 10.0.40219.1
Project("{FAE04EC0-301F-11D3-BF4B-00C04F79EFBC}") = "RestAPI", "RestAPI\RestAPI.csproj", "{97EC4DE2-9FC0-4FE9-B464-9EE72B0D97FB}"
EndProject
Global
	GlobalSection(SolutionConfigurationPlatforms) = preSolution
		Debug|Any CPU = Debug|Any CPU
		Release|Any CPU = Release|Any CPU
	EndGlobalSection
	GlobalSection(ProjectConfigurationPlatforms) = postSolution
		{97EC4DE2-9FC0-4FE9-B464-9EE72B0D97FB}.Debug|Any CPU.ActiveCfg = Debug|Any CPU
		{97EC4DE2-9FC0-4FE9-B464-9EE72B0D97FB}.Debug|Any CPU.Build.0 = Debug|Any CPU
		{97EC4DE2-9FC0-4FE9-B464-9EE72B0D97FB}.Release|Any CPU.ActiveCfg = Release|Any CPU
		{97EC4DE2-9FC0-4FE9-B464-9EE72B0D97FB}.Release|Any CPU.Build.0 = Release|Any CPU
	EndGlobalSection
	GlobalSection(SolutionProperties) = preSolution
		HideSolutionNode = FALSE
	EndGlobalSection
	GlobalSection(ExtensibilityGlobals) = postSolution
		SolutionGuid = {15C03C0D-305D-437D-96BC-0158F49BED85}
	EndGlobalSection
EndGlobal
